
Microsoft Visual Studio Solution File, Format Version 12.00
# Visual Studio 14
VisualStudioVersion = 14.0.25123.0
MinimumVisualStudioVersion = 10.0.40219.1
Project("{8BC9CEB8-8B4A-11D0-8D11-00A0C91BC942}") = "Server", "Server\Server.vcxproj", "{50288657-9DFE-49C4-B6A9-E3DA8211253C}"
EndProject
Project("{8BC9CEB8-8B4A-11D0-8D11-00A0C91BC942}") = "Client", "Client\Client.vcxproj", "{C8892F01-F88F-4E88-82EA-8B421357470E}"
EndProject
Global
	GlobalSection(SolutionConfigurationPlatforms) = preSolution
		Debug|x64 = Debug|x64
		Debug|x86 = Debug|x86
		Release|x64 = Release|x64
		Release|x86 = Release|x86
	EndGlobalSection
	GlobalSection(ProjectConfigurationPlatforms) = postSolution
		{50288657-9DFE-49C4-B6A9-E3DA8211253C}.Debug|x64.ActiveCfg = Debug|x64
		{50288657-9DFE-49C4-B6A9-E3DA8211253C}.Debug|x64.Build.0 = Debug|x64
		{50288657-9DFE-49C4-B6A9-E3DA8211253C}.Debug|x86.ActiveCfg = Debug|Win32
		{50288657-9DFE-49C4-B6A9-E3DA8211253C}.Debug|x86.Build.0 = Debug|Win32
		{50288657-9DFE-49C4-B6A9-E3DA8211253C}.Release|x64.ActiveCfg = Release|x64
		{50288657-9DFE-49C4-B6A9-E3DA8211253C}.Release|x64.Build.0 = Release|x64
		{50288657-9DFE-49C4-B6A9-E3DA8211253C}.Release|x86.ActiveCfg = Release|Win32
		{50288657-9DFE-49C4-B6A9-E3DA8211253C}.Release|x86.Build.0 = Release|Win32
		{C8892F01-F88F-4E88-82EA-8B421357470E}.Debug|x64.ActiveCfg = Debug|x64
		{C8892F01-F88F-4E88-82EA-8B421357470E}.Debug|x64.Build.0 = Debug|x64
		{C8892F01-F88F-4E88-82EA-8B421357470E}.Debug|x86.ActiveCfg = Debug|Win32
		{C8892F01-F88F-4E88-82EA-8B421357470E}.Debug|x86.Build.0 = Debug|Win32
		{C8892F01-F88F-4E88-82EA-8B421357470E}.Release|x64.ActiveCfg = Release|x64
		{C8892F01-F88F-4E88-82EA-8B421357470E}.Release|x64.Build.0 = Release|x64
		{C8892F01-F88F-4E88-82EA-8B421357470E}.Release|x86.ActiveCfg = Release|Win32
		{C8892F01-F88F-4E88-82EA-8B421357470E}.Release|x86.Build.0 = Release|Win32
	EndGlobalSection
	GlobalSection(SolutionProperties) = preSolution
		HideSolutionNode = FALSE
	EndGlobalSection
EndGlobal
